
Microsoft Visual Studio Solution File, Format Version 12.00
# Visual Studio Version 17
VisualStudioVersion = 17.2.32616.157
MinimumVisualStudioVersion = 10.0.40219.1
Project("{9A19103F-16F7-4668-BE54-9A1E7A4F7556}") = "Task1", "Task1\Task1.csproj", "{3D8CAA6C-61C8-4A2C-BCDC-A89E95044849}"
EndProject
Project("{9A19103F-16F7-4668-BE54-9A1E7A4F7556}") = "Task2", "Task2\Task2.csproj", "{C2E5474E-C25F-4680-ABCF-CC0B85147167}"
EndProject
Project("{FAE04EC0-301F-11D3-BF4B-00C04F79EFBC}") = "Task3", "Task3\Task3.csproj", "{2D24BA41-BC0C-404F-A3D9-1B81F280C958}"
EndProject
Project("{FAE04EC0-301F-11D3-BF4B-00C04F79EFBC}") = "Task4", "Task4\Task4.csproj", "{D769ACB5-3B6C-4CC8-9D9B-979D780270BB}"
EndProject
Project("{FAE04EC0-301F-11D3-BF4B-00C04F79EFBC}") = "Task5", "Task5\Task5.csproj", "{774104A0-783C-433C-9093-1A5FBC661A0B}"
EndProject
Global
	GlobalSection(SolutionConfigurationPlatforms) = preSolution
		Debug|Any CPU = Debug|Any CPU
		Release|Any CPU = Release|Any CPU
	EndGlobalSection
	GlobalSection(ProjectConfigurationPlatforms) = postSolution
		{3D8CAA6C-61C8-4A2C-BCDC-A89E95044849}.Debug|Any CPU.ActiveCfg = Debug|Any CPU
		{3D8CAA6C-61C8-4A2C-BCDC-A89E95044849}.Debug|Any CPU.Build.0 = Debug|Any CPU
		{3D8CAA6C-61C8-4A2C-BCDC-A89E95044849}.Release|Any CPU.ActiveCfg = Release|Any CPU
		{3D8CAA6C-61C8-4A2C-BCDC-A89E95044849}.Release|Any CPU.Build.0 = Release|Any CPU
		{C2E5474E-C25F-4680-ABCF-CC0B85147167}.Debug|Any CPU.ActiveCfg = Debug|Any CPU
		{C2E5474E-C25F-4680-ABCF-CC0B85147167}.Debug|Any CPU.Build.0 = Debug|Any CPU
		{C2E5474E-C25F-4680-ABCF-CC0B85147167}.Release|Any CPU.ActiveCfg = Release|Any CPU
		{C2E5474E-C25F-4680-ABCF-CC0B85147167}.Release|Any CPU.Build.0 = Release|Any CPU
		{2D24BA41-BC0C-404F-A3D9-1B81F280C958}.Debug|Any CPU.ActiveCfg = Debug|Any CPU
		{2D24BA41-BC0C-404F-A3D9-1B81F280C958}.Debug|Any CPU.Build.0 = Debug|Any CPU
		{2D24BA41-BC0C-404F-A3D9-1B81F280C958}.Release|Any CPU.ActiveCfg = Release|Any CPU
		{2D24BA41-BC0C-404F-A3D9-1B81F280C958}.Release|Any CPU.Build.0 = Release|Any CPU
		{D769ACB5-3B6C-4CC8-9D9B-979D780270BB}.Debug|Any CPU.ActiveCfg = Debug|Any CPU
		{D769ACB5-3B6C-4CC8-9D9B-979D780270BB}.Debug|Any CPU.Build.0 = Debug|Any CPU
		{D769ACB5-3B6C-4CC8-9D9B-979D780270BB}.Release|Any CPU.ActiveCfg = Release|Any CPU
		{D769ACB5-3B6C-4CC8-9D9B-979D780270BB}.Release|Any CPU.Build.0 = Release|Any CPU
		{774104A0-783C-433C-9093-1A5FBC661A0B}.Debug|Any CPU.ActiveCfg = Debug|Any CPU
		{774104A0-783C-433C-9093-1A5FBC661A0B}.Debug|Any CPU.Build.0 = Debug|Any CPU
		{774104A0-783C-433C-9093-1A5FBC661A0B}.Release|Any CPU.ActiveCfg = Release|Any CPU
		{774104A0-783C-433C-9093-1A5FBC661A0B}.Release|Any CPU.Build.0 = Release|Any CPU
	EndGlobalSection
	GlobalSection(SolutionProperties) = preSolution
		HideSolutionNode = FALSE
	EndGlobalSection
	GlobalSection(ExtensibilityGlobals) = postSolution
		SolutionGuid = {D95540FD-A3F8-4D64-B2B0-2417615CF710}
	EndGlobalSection
EndGlobal
